
Microsoft Visual Studio Solution File, Format Version 12.00
# Visual Studio Version 16
VisualStudioVersion = 16.0.30320.27
MinimumVisualStudioVersion = 10.0.40219.1
Project("{9A19103F-16F7-4668-BE54-9A1E7A4F7556}") = "Snake Game", "Snake Game\Snake Game.csproj", "{EA77D0D7-0120-4B2C-A23A-C75B442997D0}"
EndProject
Global
	GlobalSection(SolutionConfigurationPlatforms) = preSolution
		Debug|Any CPU = Debug|Any CPU
		Release|Any CPU = Release|Any CPU
	EndGlobalSection
	GlobalSection(ProjectConfigurationPlatforms) = postSolution
		{EA77D0D7-0120-4B2C-A23A-C75B442997D0}.Debug|Any CPU.ActiveCfg = Debug|Any CPU
		{EA77D0D7-0120-4B2C-A23A-C75B442997D0}.Debug|Any CPU.Build.0 = Debug|Any CPU
		{EA77D0D7-0120-4B2C-A23A-C75B442997D0}.Release|Any CPU.ActiveCfg = Release|Any CPU
		{EA77D0D7-0120-4B2C-A23A-C75B442997D0}.Release|Any CPU.Build.0 = Release|Any CPU
	EndGlobalSection
	GlobalSection(SolutionProperties) = preSolution
		HideSolutionNode = FALSE
	EndGlobalSection
	GlobalSection(ExtensibilityGlobals) = postSolution
		SolutionGuid = {1A54C57C-980E-4865-8B72-1031A69645D9}
	EndGlobalSection
EndGlobal
